{
  "requires": true,
  "lockfileVersion": 1,
  "dependencies": {
    "bankcardinfo": {
      "version": "2.0.6",
      "resolved": "https://registry.npmjs.org/bankcardinfo/-/bankcardinfo-2.0.6.tgz",
      "integrity": "sha512-rNmLJv/yyD5uiwYjJ3nPmPxhxFvcvvnfkU0ae6fYD/li/DtqxlCvM1u9cBDicNActW7hx04yus/kwKyQB3gK+w==",
      "dev": true,
      "requires": {
        "bluebird": "^3.4.1"
      }
    },
    "bluebird": {
      "version": "3.7.2",
      "resolved": "https://registry.npmjs.org/bluebird/-/bluebird-3.7.2.tgz",
      "integrity": "sha512-XpNj6GDQzdfW+r2Wnn7xiSAd7TM3jzkxGXBGTtWKuSXv1xUV+azxAm8jdWZN06QTQk+2N2XB9jRDkvbmQmcRtg==",
      "dev": true
    },
    "uview-ui": {
      "version": "1.8.4",
      "resolved": "https://registry.npmjs.org/uview-ui/-/uview-ui-1.8.4.tgz",
      "integrity": "sha512-Zr+D5dFdNy6CdHQLBEXeGq/w0LkjxzBtsgaaDwLl0P58g67H7fBBDvy6AzWK/k0c7dwPYMBiK7I4Tr9p92+0DA=="
    }
  }
}
